<?xml version="1.0" encoding="utf-8"?>
<Project ToolsVersion="17.0" xmlns="http://schemas.microsoft.com/developer/msbuild/2003">
  <ItemGroup>
    <CustomBuild Include="E:\Repositories\Gladiator-Bot-reverse\build-fable\CMakeFiles\4deeca12f2b2f1f5951f239017488d8b\INSTALL_force.rule">
      <Filter>CMake Rules</Filter>
    </CustomBuild>
  </ItemGroup>
  <ItemGroup>
    <Filter Include="CMake Rules">
      <UniqueIdentifier>{DDFC6182-3B64-30F7-8B0F-7B2F0F4C7241}</UniqueIdentifier>
    </Filter>
  </ItemGroup>
</Project>
