
Microsoft Visual Studio Solution File, Format Version 12.00
# Visual Studio Version 17
Project("{8BC9CEB8-8B4A-11D0-8D11-00A0C91BC942}") = "ALL_BUILD", "ALL_BUILD.vcxproj", "{C4D754F8-7607-35DB-8B44-0463B89305AC}"
	ProjectSection(ProjectDependencies) = postProject
		{7BD4E4BA-FAD9-3654-AFF4-19EB6E254579} = {7BD4E4BA-FAD9-3654-AFF4-19EB6E254579}
		{A71B0D69-53A1-38DA-A83A-3091467BC119} = {A71B0D69-53A1-38DA-A83A-3091467BC119}
		{70AEE6E3-1A7C-3230-A64E-2334B66E1B15} = {70AEE6E3-1A7C-3230-A64E-2334B66E1B15}
		{F0DCC2ED-73BF-34E8-9EE6-9148876AFC1E} = {F0DCC2ED-73BF-34E8-9EE6-9148876AFC1E}
		{87DFC5DA-73AE-31B1-B57A-AF99508657F5} = {87DFC5DA-73AE-31B1-B57A-AF99508657F5}
		{AB69F1C3-9019-3B10-ABC3-1E6FA4AF9F55} = {AB69F1C3-9019-3B10-ABC3-1E6FA4AF9F55}
		{F93AF02C-6E1D-374B-8CAA-CC595312664B} = {F93AF02C-6E1D-374B-8CAA-CC595312664B}
		{10CD0924-BB8B-368F-8351-B6290B6BBD90} = {10CD0924-BB8B-368F-8351-B6290B6BBD90}
		{5F591725-6BFF-3E5F-A43B-2C15BF879573} = {5F591725-6BFF-3E5F-A43B-2C15BF879573}
		{8D3C5A43-5788-3565-9C02-0C8D416D3D29} = {8D3C5A43-5788-3565-9C02-0C8D416D3D29}
		{89B66C12-9F7B-31D8-8DC9-2999CFB5F20E} = {89B66C12-9F7B-31D8-8DC9-2999CFB5F20E}
		{4B30EB93-B289-3329-B2D3-247380110260} = {4B30EB93-B289-3329-B2D3-247380110260}
		{9A30019E-DB7C-3AAB-A872-D4248CE98B77} = {9A30019E-DB7C-3AAB-A872-D4248CE98B77}
		{010198BB-9A39-3E6A-8B16-6BD80742A714} = {010198BB-9A39-3E6A-8B16-6BD80742A714}
		{CBB82C98-BD69-3717-AC44-85F6B2BE44FC} = {CBB82C98-BD69-3717-AC44-85F6B2BE44FC}
		{069E40A8-BCDB-3C6E-866D-F3198C0066BC} = {069E40A8-BCDB-3C6E-866D-F3198C0066BC}
		{0BE07B60-5CF7-370E-9ECB-F1685B1994AF} = {0BE07B60-5CF7-370E-9ECB-F1685B1994AF}
		{C9AE3185-FC13-323C-945C-5BD53B1885DA} = {C9AE3185-FC13-323C-945C-5BD53B1885DA}
		{01896640-D839-3CAC-9CDB-4A719586BD25} = {01896640-D839-3CAC-9CDB-4A719586BD25}
		{BF473450-7D34-3602-96D0-3C721E744DBC} = {BF473450-7D34-3602-96D0-3C721E744DBC}
		{CBA42045-6E03-3452-A049-F6A45B8E4323} = {CBA42045-6E03-3452-A049-F6A45B8E4323}
		{729A9BAF-285C-3E36-AC03-E5D00A5A8DE8} = {729A9BAF-285C-3E36-AC03-E5D00A5A8DE8}
		{AEFEA448-FA6F-3645-AE39-DDA56C4B676F} = {AEFEA448-FA6F-3645-AE39-DDA56C4B676F}
		{10EA9874-F34F-3D3E-A6EA-BDAFE36C8506} = {10EA9874-F34F-3D3E-A6EA-BDAFE36C8506}
		{5A6C3E07-B32C-3659-B61F-58D00FFA87D7} = {5A6C3E07-B32C-3659-B61F-58D00FFA87D7}
		{EB85154C-FE3B-3E32-B4E5-49821FFF91AF} = {EB85154C-FE3B-3E32-B4E5-49821FFF91AF}
		{02F80C30-AA7F-3DDE-B2D7-C001E4C8DA66} = {02F80C30-AA7F-3DDE-B2D7-C001E4C8DA66}
		{07FA6463-91CB-3482-A6A0-C4317415ACC9} = {07FA6463-91CB-3482-A6A0-C4317415ACC9}
		{E3B0C608-EB51-3277-BF30-9BD1AFD22657} = {E3B0C608-EB51-3277-BF30-9BD1AFD22657}
		{389E8011-F43C-333B-B38D-2FEEBD0B2981} = {389E8011-F43C-333B-B38D-2FEEBD0B2981}
		{F9348054-8659-3238-8F6A-16AD906EACB4} = {F9348054-8659-3238-8F6A-16AD906EACB4}
		{D5E2533C-F868-313F-A9A4-83C9F82A8538} = {D5E2533C-F868-313F-A9A4-83C9F82A8538}
		{D8F7E68F-44FC-38E4-9FB6-6A007EB77335} = {D8F7E68F-44FC-38E4-9FB6-6A007EB77335}
		{07AC7279-2EC6-3A0E-9723-A06FA3096B2A} = {07AC7279-2EC6-3A0E-9723-A06FA3096B2A}
	EndProjectSection
EndProject
Project("{8BC9CEB8-8B4A-11D0-8D11-00A0C91BC942}") = "Continuous", "Continuous.vcxproj", "{8B62FA83-BEA4-369A-826B-5E1756C89C23}"
	ProjectSection(ProjectDependencies) = postProject
		{7BD4E4BA-FAD9-3654-AFF4-19EB6E254579} = {7BD4E4BA-FAD9-3654-AFF4-19EB6E254579}
	EndProjectSection
EndProject
Project("{8BC9CEB8-8B4A-11D0-8D11-00A0C91BC942}") = "Experimental", "Experimental.vcxproj", "{3FE11AD7-B5E4-34D7-A126-2AC93558AC08}"
	ProjectSection(ProjectDependencies) = postProject
		{7BD4E4BA-FAD9-3654-AFF4-19EB6E254579} = {7BD4E4BA-FAD9-3654-AFF4-19EB6E254579}
	EndProjectSection
EndProject
Project("{8BC9CEB8-8B4A-11D0-8D11-00A0C91BC942}") = "INSTALL", "INSTALL.vcxproj", "{4B4FB803-2ECE-3CEA-B330-6FB978A83C97}"
	ProjectSection(ProjectDependencies) = postProject
		{C4D754F8-7607-35DB-8B44-0463B89305AC} = {C4D754F8-7607-35DB-8B44-0463B89305AC}
		{7BD4E4BA-FAD9-3654-AFF4-19EB6E254579} = {7BD4E4BA-FAD9-3654-AFF4-19EB6E254579}
	EndProjectSection
EndProject
Project("{8BC9CEB8-8B4A-11D0-8D11-00A0C91BC942}") = "Nightly", "Nightly.vcxproj", "{2B324409-4787-3F8C-A929-572279DC518C}"
	ProjectSection(ProjectDependencies) = postProject
		{7BD4E4BA-FAD9-3654-AFF4-19EB6E254579} = {7BD4E4BA-FAD9-3654-AFF4-19EB6E254579}
	EndProjectSection
EndProject
Project("{8BC9CEB8-8B4A-11D0-8D11-00A0C91BC942}") = "NightlyMemoryCheck", "NightlyMemoryCheck.vcxproj", "{8F49F37C-C395-30D7-B061-95137E840E2D}"
	ProjectSection(ProjectDependencies) = postProject
		{7BD4E4BA-FAD9-3654-AFF4-19EB6E254579} = {7BD4E4BA-FAD9-3654-AFF4-19EB6E254579}
	EndProjectSection
EndProject
Project("{8BC9CEB8-8B4A-11D0-8D11-00A0C91BC942}") = "PACKAGE", "PACKAGE.vcxproj", "{A6280DBE-F254-3E40-A6DB-94FC56B1C1B1}"
	ProjectSection(ProjectDependencies) = postProject
		{C4D754F8-7607-35DB-8B44-0463B89305AC} = {C4D754F8-7607-35DB-8B44-0463B89305AC}
		{7BD4E4BA-FAD9-3654-AFF4-19EB6E254579} = {7BD4E4BA-FAD9-3654-AFF4-19EB6E254579}
	EndProjectSection
EndProject
Project("{8BC9CEB8-8B4A-11D0-8D11-00A0C91BC942}") = "RUN_TESTS", "RUN_TESTS.vcxproj", "{770344CD-9622-3463-B698-8E55017E2C04}"
	ProjectSection(ProjectDependencies) = postProject
		{7BD4E4BA-FAD9-3654-AFF4-19EB6E254579} = {7BD4E4BA-FAD9-3654-AFF4-19EB6E254579}
	EndProjectSection
EndProject
Project("{8BC9CEB8-8B4A-11D0-8D11-00A0C91BC942}") = "ZERO_CHECK", "ZERO_CHECK.vcxproj", "{7BD4E4BA-FAD9-3654-AFF4-19EB6E254579}"
	ProjectSection(ProjectDependencies) = postProject
	EndProjectSection
EndProject
Project("{8BC9CEB8-8B4A-11D0-8D11-00A0C91BC942}") = "aas_debug_line_tests", "tests\aas\aas_debug_line_tests.vcxproj", "{A71B0D69-53A1-38DA-A83A-3091467BC119}"
	ProjectSection(ProjectDependencies) = postProject
		{7BD4E4BA-FAD9-3654-AFF4-19EB6E254579} = {7BD4E4BA-FAD9-3654-AFF4-19EB6E254579}
		{010198BB-9A39-3E6A-8B16-6BD80742A714} = {010198BB-9A39-3E6A-8B16-6BD80742A714}
		{CBB82C98-BD69-3717-AC44-85F6B2BE44FC} = {CBB82C98-BD69-3717-AC44-85F6B2BE44FC}
		{069E40A8-BCDB-3C6E-866D-F3198C0066BC} = {069E40A8-BCDB-3C6E-866D-F3198C0066BC}
		{0BE07B60-5CF7-370E-9ECB-F1685B1994AF} = {0BE07B60-5CF7-370E-9ECB-F1685B1994AF}
		{C9AE3185-FC13-323C-945C-5BD53B1885DA} = {C9AE3185-FC13-323C-945C-5BD53B1885DA}
		{5A6C3E07-B32C-3659-B61F-58D00FFA87D7} = {5A6C3E07-B32C-3659-B61F-58D00FFA87D7}
		{F9348054-8659-3238-8F6A-16AD906EACB4} = {F9348054-8659-3238-8F6A-16AD906EACB4}
		{07AC7279-2EC6-3A0E-9723-A06FA3096B2A} = {07AC7279-2EC6-3A0E-9723-A06FA3096B2A}
	EndProjectSection
EndProject
Project("{8BC9CEB8-8B4A-11D0-8D11-00A0C91BC942}") = "aas_map_tests", "tests\aas\aas_map_tests.vcxproj", "{70AEE6E3-1A7C-3230-A64E-2334B66E1B15}"
	ProjectSection(ProjectDependencies) = postProject
		{7BD4E4BA-FAD9-3654-AFF4-19EB6E254579} = {7BD4E4BA-FAD9-3654-AFF4-19EB6E254579}
		{010198BB-9A39-3E6A-8B16-6BD80742A714} = {010198BB-9A39-3E6A-8B16-6BD80742A714}
		{CBB82C98-BD69-3717-AC44-85F6B2BE44FC} = {CBB82C98-BD69-3717-AC44-85F6B2BE44FC}
		{069E40A8-BCDB-3C6E-866D-F3198C0066BC} = {069E40A8-BCDB-3C6E-866D-F3198C0066BC}
		{0BE07B60-5CF7-370E-9ECB-F1685B1994AF} = {0BE07B60-5CF7-370E-9ECB-F1685B1994AF}
		{C9AE3185-FC13-323C-945C-5BD53B1885DA} = {C9AE3185-FC13-323C-945C-5BD53B1885DA}
		{5A6C3E07-B32C-3659-B61F-58D00FFA87D7} = {5A6C3E07-B32C-3659-B61F-58D00FFA87D7}
		{F9348054-8659-3238-8F6A-16AD906EACB4} = {F9348054-8659-3238-8F6A-16AD906EACB4}
		{07AC7279-2EC6-3A0E-9723-A06FA3096B2A} = {07AC7279-2EC6-3A0E-9723-A06FA3096B2A}
	EndProjectSection
EndProject
Project("{8BC9CEB8-8B4A-11D0-8D11-00A0C91BC942}") = "aas_reach_pass_area_tests", "tests\aas\aas_reach_pass_area_tests.vcxproj", "{F0DCC2ED-73BF-34E8-9EE6-9148876AFC1E}"
	ProjectSection(ProjectDependencies) = postProject
		{7BD4E4BA-FAD9-3654-AFF4-19EB6E254579} = {7BD4E4BA-FAD9-3654-AFF4-19EB6E254579}
		{010198BB-9A39-3E6A-8B16-6BD80742A714} = {010198BB-9A39-3E6A-8B16-6BD80742A714}
		{CBB82C98-BD69-3717-AC44-85F6B2BE44FC} = {CBB82C98-BD69-3717-AC44-85F6B2BE44FC}
		{069E40A8-BCDB-3C6E-866D-F3198C0066BC} = {069E40A8-BCDB-3C6E-866D-F3198C0066BC}
		{0BE07B60-5CF7-370E-9ECB-F1685B1994AF} = {0BE07B60-5CF7-370E-9ECB-F1685B1994AF}
		{C9AE3185-FC13-323C-945C-5BD53B1885DA} = {C9AE3185-FC13-323C-945C-5BD53B1885DA}
		{5A6C3E07-B32C-3659-B61F-58D00FFA87D7} = {5A6C3E07-B32C-3659-B61F-58D00FFA87D7}
		{F9348054-8659-3238-8F6A-16AD906EACB4} = {F9348054-8659-3238-8F6A-16AD906EACB4}
		{07AC7279-2EC6-3A0E-9723-A06FA3096B2A} = {07AC7279-2EC6-3A0E-9723-A06FA3096B2A}
	EndProjectSection
EndProject
Project("{8BC9CEB8-8B4A-11D0-8D11-00A0C91BC942}") = "ai_character_tests", "tests\ai\ai_character_tests.vcxproj", "{87DFC5DA-73AE-31B1-B57A-AF99508657F5}"
	ProjectSection(ProjectDependencies) = postProject
		{7BD4E4BA-FAD9-3654-AFF4-19EB6E254579} = {7BD4E4BA-FAD9-3654-AFF4-19EB6E254579}
		{010198BB-9A39-3E6A-8B16-6BD80742A714} = {010198BB-9A39-3E6A-8B16-6BD80742A714}
		{CBB82C98-BD69-3717-AC44-85F6B2BE44FC} = {CBB82C98-BD69-3717-AC44-85F6B2BE44FC}
		{069E40A8-BCDB-3C6E-866D-F3198C0066BC} = {069E40A8-BCDB-3C6E-866D-F3198C0066BC}
		{0BE07B60-5CF7-370E-9ECB-F1685B1994AF} = {0BE07B60-5CF7-370E-9ECB-F1685B1994AF}
		{C9AE3185-FC13-323C-945C-5BD53B1885DA} = {C9AE3185-FC13-323C-945C-5BD53B1885DA}
		{5A6C3E07-B32C-3659-B61F-58D00FFA87D7} = {5A6C3E07-B32C-3659-B61F-58D00FFA87D7}
		{F9348054-8659-3238-8F6A-16AD906EACB4} = {F9348054-8659-3238-8F6A-16AD906EACB4}
		{07AC7279-2EC6-3A0E-9723-A06FA3096B2A} = {07AC7279-2EC6-3A0E-9723-A06FA3096B2A}
	EndProjectSection
EndProject
Project("{8BC9CEB8-8B4A-11D0-8D11-00A0C91BC942}") = "ai_dm_tests", "tests\ai\ai_dm_tests.vcxproj", "{AB69F1C3-9019-3B10-ABC3-1E6FA4AF9F55}"
	ProjectSection(ProjectDependencies) = postProject
		{7BD4E4BA-FAD9-3654-AFF4-19EB6E254579} = {7BD4E4BA-FAD9-3654-AFF4-19EB6E254579}
		{F9348054-8659-3238-8F6A-16AD906EACB4} = {F9348054-8659-3238-8F6A-16AD906EACB4}
	EndProjectSection
EndProject
Project("{8BC9CEB8-8B4A-11D0-8D11-00A0C91BC942}") = "ai_goal_move_tests", "tests\ai\ai_goal_move_tests.vcxproj", "{F93AF02C-6E1D-374B-8CAA-CC595312664B}"
	ProjectSection(ProjectDependencies) = postProject
		{7BD4E4BA-FAD9-3654-AFF4-19EB6E254579} = {7BD4E4BA-FAD9-3654-AFF4-19EB6E254579}
		{010198BB-9A39-3E6A-8B16-6BD80742A714} = {010198BB-9A39-3E6A-8B16-6BD80742A714}
		{CBB82C98-BD69-3717-AC44-85F6B2BE44FC} = {CBB82C98-BD69-3717-AC44-85F6B2BE44FC}
		{069E40A8-BCDB-3C6E-866D-F3198C0066BC} = {069E40A8-BCDB-3C6E-866D-F3198C0066BC}
		{0BE07B60-5CF7-370E-9ECB-F1685B1994AF} = {0BE07B60-5CF7-370E-9ECB-F1685B1994AF}
		{C9AE3185-FC13-323C-945C-5BD53B1885DA} = {C9AE3185-FC13-323C-945C-5BD53B1885DA}
		{5A6C3E07-B32C-3659-B61F-58D00FFA87D7} = {5A6C3E07-B32C-3659-B61F-58D00FFA87D7}
		{F9348054-8659-3238-8F6A-16AD906EACB4} = {F9348054-8659-3238-8F6A-16AD906EACB4}
		{07AC7279-2EC6-3A0E-9723-A06FA3096B2A} = {07AC7279-2EC6-3A0E-9723-A06FA3096B2A}
	EndProjectSection
EndProject
Project("{8BC9CEB8-8B4A-11D0-8D11-00A0C91BC942}") = "ai_move_tests", "tests\ai\ai_move_tests.vcxproj", "{10CD0924-BB8B-368F-8351-B6290B6BBD90}"
	ProjectSection(ProjectDependencies) = postProject
		{7BD4E4BA-FAD9-3654-AFF4-19EB6E254579} = {7BD4E4BA-FAD9-3654-AFF4-19EB6E254579}
		{010198BB-9A39-3E6A-8B16-6BD80742A714} = {010198BB-9A39-3E6A-8B16-6BD80742A714}
		{CBB82C98-BD69-3717-AC44-85F6B2BE44FC} = {CBB82C98-BD69-3717-AC44-85F6B2BE44FC}
		{069E40A8-BCDB-3C6E-866D-F3198C0066BC} = {069E40A8-BCDB-3C6E-866D-F3198C0066BC}
		{0BE07B60-5CF7-370E-9ECB-F1685B1994AF} = {0BE07B60-5CF7-370E-9ECB-F1685B1994AF}
		{C9AE3185-FC13-323C-945C-5BD53B1885DA} = {C9AE3185-FC13-323C-945C-5BD53B1885DA}
		{5A6C3E07-B32C-3659-B61F-58D00FFA87D7} = {5A6C3E07-B32C-3659-B61F-58D00FFA87D7}
		{F9348054-8659-3238-8F6A-16AD906EACB4} = {F9348054-8659-3238-8F6A-16AD906EACB4}
		{07AC7279-2EC6-3A0E-9723-A06FA3096B2A} = {07AC7279-2EC6-3A0E-9723-A06FA3096B2A}
	EndProjectSection
EndProject
Project("{8BC9CEB8-8B4A-11D0-8D11-00A0C91BC942}") = "ai_weapon_tests", "tests\ai\ai_weapon_tests.vcxproj", "{5F591725-6BFF-3E5F-A43B-2C15BF879573}"
	ProjectSection(ProjectDependencies) = postProject
		{7BD4E4BA-FAD9-3654-AFF4-19EB6E254579} = {7BD4E4BA-FAD9-3654-AFF4-19EB6E254579}
		{010198BB-9A39-3E6A-8B16-6BD80742A714} = {010198BB-9A39-3E6A-8B16-6BD80742A714}
		{CBB82C98-BD69-3717-AC44-85F6B2BE44FC} = {CBB82C98-BD69-3717-AC44-85F6B2BE44FC}
		{069E40A8-BCDB-3C6E-866D-F3198C0066BC} = {069E40A8-BCDB-3C6E-866D-F3198C0066BC}
		{0BE07B60-5CF7-370E-9ECB-F1685B1994AF} = {0BE07B60-5CF7-370E-9ECB-F1685B1994AF}
		{C9AE3185-FC13-323C-945C-5BD53B1885DA} = {C9AE3185-FC13-323C-945C-5BD53B1885DA}
		{5A6C3E07-B32C-3659-B61F-58D00FFA87D7} = {5A6C3E07-B32C-3659-B61F-58D00FFA87D7}
		{F9348054-8659-3238-8F6A-16AD906EACB4} = {F9348054-8659-3238-8F6A-16AD906EACB4}
		{07AC7279-2EC6-3A0E-9723-A06FA3096B2A} = {07AC7279-2EC6-3A0E-9723-A06FA3096B2A}
	EndProjectSection
EndProject
Project("{8BC9CEB8-8B4A-11D0-8D11-00A0C91BC942}") = "ai_weight_tests", "tests\ai\ai_weight_tests.vcxproj", "{8D3C5A43-5788-3565-9C02-0C8D416D3D29}"
	ProjectSection(ProjectDependencies) = postProject
		{7BD4E4BA-FAD9-3654-AFF4-19EB6E254579} = {7BD4E4BA-FAD9-3654-AFF4-19EB6E254579}
		{010198BB-9A39-3E6A-8B16-6BD80742A714} = {010198BB-9A39-3E6A-8B16-6BD80742A714}
		{CBB82C98-BD69-3717-AC44-85F6B2BE44FC} = {CBB82C98-BD69-3717-AC44-85F6B2BE44FC}
		{069E40A8-BCDB-3C6E-866D-F3198C0066BC} = {069E40A8-BCDB-3C6E-866D-F3198C0066BC}
		{0BE07B60-5CF7-370E-9ECB-F1685B1994AF} = {0BE07B60-5CF7-370E-9ECB-F1685B1994AF}
		{C9AE3185-FC13-323C-945C-5BD53B1885DA} = {C9AE3185-FC13-323C-945C-5BD53B1885DA}
		{5A6C3E07-B32C-3659-B61F-58D00FFA87D7} = {5A6C3E07-B32C-3659-B61F-58D00FFA87D7}
		{F9348054-8659-3238-8F6A-16AD906EACB4} = {F9348054-8659-3238-8F6A-16AD906EACB4}
		{07AC7279-2EC6-3A0E-9723-A06FA3096B2A} = {07AC7279-2EC6-3A0E-9723-A06FA3096B2A}
	EndProjectSection
EndProject
Project("{8BC9CEB8-8B4A-11D0-8D11-00A0C91BC942}") = "bot_chat_tests", "tests\chat\bot_chat_tests.vcxproj", "{89B66C12-9F7B-31D8-8DC9-2999CFB5F20E}"
	ProjectSection(ProjectDependencies) = postProject
		{7BD4E4BA-FAD9-3654-AFF4-19EB6E254579} = {7BD4E4BA-FAD9-3654-AFF4-19EB6E254579}
	EndProjectSection
EndProject
Project("{8BC9CEB8-8B4A-11D0-8D11-00A0C91BC942}") = "bot_common_libvar_tests", "tests\common\bot_common_libvar_tests.vcxproj", "{4B30EB93-B289-3329-B2D3-247380110260}"
	ProjectSection(ProjectDependencies) = postProject
		{7BD4E4BA-FAD9-3654-AFF4-19EB6E254579} = {7BD4E4BA-FAD9-3654-AFF4-19EB6E254579}
	EndProjectSection
EndProject
Project("{8BC9CEB8-8B4A-11D0-8D11-00A0C91BC942}") = "bot_common_tests", "tests\common\bot_common_tests.vcxproj", "{9A30019E-DB7C-3AAB-A872-D4248CE98B77}"
	ProjectSection(ProjectDependencies) = postProject
		{7BD4E4BA-FAD9-3654-AFF4-19EB6E254579} = {7BD4E4BA-FAD9-3654-AFF4-19EB6E254579}
	EndProjectSection
EndProject
Project("{8BC9CEB8-8B4A-11D0-8D11-00A0C91BC942}") = "botlib_aas", "src\botlib\aas\botlib_aas.vcxproj", "{010198BB-9A39-3E6A-8B16-6BD80742A714}"
	ProjectSection(ProjectDependencies) = postProject
		{7BD4E4BA-FAD9-3654-AFF4-19EB6E254579} = {7BD4E4BA-FAD9-3654-AFF4-19EB6E254579}
	EndProjectSection
EndProject
Project("{8BC9CEB8-8B4A-11D0-8D11-00A0C91BC942}") = "botlib_ai", "src\botlib\ai\botlib_ai.vcxproj", "{CBB82C98-BD69-3717-AC44-85F6B2BE44FC}"
	ProjectSection(ProjectDependencies) = postProject
		{7BD4E4BA-FAD9-3654-AFF4-19EB6E254579} = {7BD4E4BA-FAD9-3654-AFF4-19EB6E254579}
	EndProjectSection
EndProject
Project("{8BC9CEB8-8B4A-11D0-8D11-00A0C91BC942}") = "botlib_common", "src\botlib\common\botlib_common.vcxproj", "{069E40A8-BCDB-3C6E-866D-F3198C0066BC}"
	ProjectSection(ProjectDependencies) = postProject
		{7BD4E4BA-FAD9-3654-AFF4-19EB6E254579} = {7BD4E4BA-FAD9-3654-AFF4-19EB6E254579}
	EndProjectSection
EndProject
Project("{8BC9CEB8-8B4A-11D0-8D11-00A0C91BC942}") = "botlib_ea", "src\botlib\ea\botlib_ea.vcxproj", "{0BE07B60-5CF7-370E-9ECB-F1685B1994AF}"
	ProjectSection(ProjectDependencies) = postProject
		{7BD4E4BA-FAD9-3654-AFF4-19EB6E254579} = {7BD4E4BA-FAD9-3654-AFF4-19EB6E254579}
		{069E40A8-BCDB-3C6E-866D-F3198C0066BC} = {069E40A8-BCDB-3C6E-866D-F3198C0066BC}
		{07AC7279-2EC6-3A0E-9723-A06FA3096B2A} = {07AC7279-2EC6-3A0E-9723-A06FA3096B2A}
	EndProjectSection
EndProject
Project("{8BC9CEB8-8B4A-11D0-8D11-00A0C91BC942}") = "botlib_interface", "src\botlib\interface\botlib_interface.vcxproj", "{C9AE3185-FC13-323C-945C-5BD53B1885DA}"
	ProjectSection(ProjectDependencies) = postProject
		{7BD4E4BA-FAD9-3654-AFF4-19EB6E254579} = {7BD4E4BA-FAD9-3654-AFF4-19EB6E254579}
		{010198BB-9A39-3E6A-8B16-6BD80742A714} = {010198BB-9A39-3E6A-8B16-6BD80742A714}
		{CBB82C98-BD69-3717-AC44-85F6B2BE44FC} = {CBB82C98-BD69-3717-AC44-85F6B2BE44FC}
		{069E40A8-BCDB-3C6E-866D-F3198C0066BC} = {069E40A8-BCDB-3C6E-866D-F3198C0066BC}
		{0BE07B60-5CF7-370E-9ECB-F1685B1994AF} = {0BE07B60-5CF7-370E-9ECB-F1685B1994AF}
		{5A6C3E07-B32C-3659-B61F-58D00FFA87D7} = {5A6C3E07-B32C-3659-B61F-58D00FFA87D7}
		{07AC7279-2EC6-3A0E-9723-A06FA3096B2A} = {07AC7279-2EC6-3A0E-9723-A06FA3096B2A}
	EndProjectSection
EndProject
Project("{8BC9CEB8-8B4A-11D0-8D11-00A0C91BC942}") = "botlib_parity_aas_debug", "tests\parity\botlib_parity_aas_debug.vcxproj", "{01896640-D839-3CAC-9CDB-4A719586BD25}"
	ProjectSection(ProjectDependencies) = postProject
		{7BD4E4BA-FAD9-3654-AFF4-19EB6E254579} = {7BD4E4BA-FAD9-3654-AFF4-19EB6E254579}
		{010198BB-9A39-3E6A-8B16-6BD80742A714} = {010198BB-9A39-3E6A-8B16-6BD80742A714}
		{CBB82C98-BD69-3717-AC44-85F6B2BE44FC} = {CBB82C98-BD69-3717-AC44-85F6B2BE44FC}
		{069E40A8-BCDB-3C6E-866D-F3198C0066BC} = {069E40A8-BCDB-3C6E-866D-F3198C0066BC}
		{0BE07B60-5CF7-370E-9ECB-F1685B1994AF} = {0BE07B60-5CF7-370E-9ECB-F1685B1994AF}
		{C9AE3185-FC13-323C-945C-5BD53B1885DA} = {C9AE3185-FC13-323C-945C-5BD53B1885DA}
		{5A6C3E07-B32C-3659-B61F-58D00FFA87D7} = {5A6C3E07-B32C-3659-B61F-58D00FFA87D7}
		{F9348054-8659-3238-8F6A-16AD906EACB4} = {F9348054-8659-3238-8F6A-16AD906EACB4}
		{07AC7279-2EC6-3A0E-9723-A06FA3096B2A} = {07AC7279-2EC6-3A0E-9723-A06FA3096B2A}
	EndProjectSection
EndProject
Project("{8BC9CEB8-8B4A-11D0-8D11-00A0C91BC942}") = "botlib_parity_bot_interface", "tests\parity\botlib_parity_bot_interface.vcxproj", "{BF473450-7D34-3602-96D0-3C721E744DBC}"
	ProjectSection(ProjectDependencies) = postProject
		{7BD4E4BA-FAD9-3654-AFF4-19EB6E254579} = {7BD4E4BA-FAD9-3654-AFF4-19EB6E254579}
		{010198BB-9A39-3E6A-8B16-6BD80742A714} = {010198BB-9A39-3E6A-8B16-6BD80742A714}
		{CBB82C98-BD69-3717-AC44-85F6B2BE44FC} = {CBB82C98-BD69-3717-AC44-85F6B2BE44FC}
		{069E40A8-BCDB-3C6E-866D-F3198C0066BC} = {069E40A8-BCDB-3C6E-866D-F3198C0066BC}
		{0BE07B60-5CF7-370E-9ECB-F1685B1994AF} = {0BE07B60-5CF7-370E-9ECB-F1685B1994AF}
		{C9AE3185-FC13-323C-945C-5BD53B1885DA} = {C9AE3185-FC13-323C-945C-5BD53B1885DA}
		{5A6C3E07-B32C-3659-B61F-58D00FFA87D7} = {5A6C3E07-B32C-3659-B61F-58D00FFA87D7}
		{F9348054-8659-3238-8F6A-16AD906EACB4} = {F9348054-8659-3238-8F6A-16AD906EACB4}
		{07AC7279-2EC6-3A0E-9723-A06FA3096B2A} = {07AC7279-2EC6-3A0E-9723-A06FA3096B2A}
	EndProjectSection
EndProject
Project("{8BC9CEB8-8B4A-11D0-8D11-00A0C91BC942}") = "botlib_parity_bot_move", "tests\parity\botlib_parity_bot_move.vcxproj", "{CBA42045-6E03-3452-A049-F6A45B8E4323}"
	ProjectSection(ProjectDependencies) = postProject
		{7BD4E4BA-FAD9-3654-AFF4-19EB6E254579} = {7BD4E4BA-FAD9-3654-AFF4-19EB6E254579}
		{010198BB-9A39-3E6A-8B16-6BD80742A714} = {010198BB-9A39-3E6A-8B16-6BD80742A714}
		{CBB82C98-BD69-3717-AC44-85F6B2BE44FC} = {CBB82C98-BD69-3717-AC44-85F6B2BE44FC}
		{069E40A8-BCDB-3C6E-866D-F3198C0066BC} = {069E40A8-BCDB-3C6E-866D-F3198C0066BC}
		{0BE07B60-5CF7-370E-9ECB-F1685B1994AF} = {0BE07B60-5CF7-370E-9ECB-F1685B1994AF}
		{C9AE3185-FC13-323C-945C-5BD53B1885DA} = {C9AE3185-FC13-323C-945C-5BD53B1885DA}
		{5A6C3E07-B32C-3659-B61F-58D00FFA87D7} = {5A6C3E07-B32C-3659-B61F-58D00FFA87D7}
		{F9348054-8659-3238-8F6A-16AD906EACB4} = {F9348054-8659-3238-8F6A-16AD906EACB4}
		{07AC7279-2EC6-3A0E-9723-A06FA3096B2A} = {07AC7279-2EC6-3A0E-9723-A06FA3096B2A}
	EndProjectSection
EndProject
Project("{8BC9CEB8-8B4A-11D0-8D11-00A0C91BC942}") = "botlib_parity_bridge", "tests\parity\botlib_parity_bridge.vcxproj", "{729A9BAF-285C-3E36-AC03-E5D00A5A8DE8}"
	ProjectSection(ProjectDependencies) = postProject
		{7BD4E4BA-FAD9-3654-AFF4-19EB6E254579} = {7BD4E4BA-FAD9-3654-AFF4-19EB6E254579}
		{F9348054-8659-3238-8F6A-16AD906EACB4} = {F9348054-8659-3238-8F6A-16AD906EACB4}
	EndProjectSection
EndProject
Project("{8BC9CEB8-8B4A-11D0-8D11-00A0C91BC942}") = "botlib_parity_precompiler_lexer", "tests\parity\botlib_parity_precompiler_lexer.vcxproj", "{AEFEA448-FA6F-3645-AE39-DDA56C4B676F}"
	ProjectSection(ProjectDependencies) = postProject
		{7BD4E4BA-FAD9-3654-AFF4-19EB6E254579} = {7BD4E4BA-FAD9-3654-AFF4-19EB6E254579}
		{010198BB-9A39-3E6A-8B16-6BD80742A714} = {010198BB-9A39-3E6A-8B16-6BD80742A714}
		{CBB82C98-BD69-3717-AC44-85F6B2BE44FC} = {CBB82C98-BD69-3717-AC44-85F6B2BE44FC}
		{069E40A8-BCDB-3C6E-866D-F3198C0066BC} = {069E40A8-BCDB-3C6E-866D-F3198C0066BC}
		{0BE07B60-5CF7-370E-9ECB-F1685B1994AF} = {0BE07B60-5CF7-370E-9ECB-F1685B1994AF}
		{C9AE3185-FC13-323C-945C-5BD53B1885DA} = {C9AE3185-FC13-323C-945C-5BD53B1885DA}
		{5A6C3E07-B32C-3659-B61F-58D00FFA87D7} = {5A6C3E07-B32C-3659-B61F-58D00FFA87D7}
		{F9348054-8659-3238-8F6A-16AD906EACB4} = {F9348054-8659-3238-8F6A-16AD906EACB4}
		{07AC7279-2EC6-3A0E-9723-A06FA3096B2A} = {07AC7279-2EC6-3A0E-9723-A06FA3096B2A}
	EndProjectSection
EndProject
Project("{8BC9CEB8-8B4A-11D0-8D11-00A0C91BC942}") = "botlib_parity_tests", "tests\parity\botlib_parity_tests.vcxproj", "{085CA140-5735-3592-B702-1F0202FF4D45}"
	ProjectSection(ProjectDependencies) = postProject
		{7BD4E4BA-FAD9-3654-AFF4-19EB6E254579} = {7BD4E4BA-FAD9-3654-AFF4-19EB6E254579}
		{01896640-D839-3CAC-9CDB-4A719586BD25} = {01896640-D839-3CAC-9CDB-4A719586BD25}
		{BF473450-7D34-3602-96D0-3C721E744DBC} = {BF473450-7D34-3602-96D0-3C721E744DBC}
		{CBA42045-6E03-3452-A049-F6A45B8E4323} = {CBA42045-6E03-3452-A049-F6A45B8E4323}
		{729A9BAF-285C-3E36-AC03-E5D00A5A8DE8} = {729A9BAF-285C-3E36-AC03-E5D00A5A8DE8}
		{AEFEA448-FA6F-3645-AE39-DDA56C4B676F} = {AEFEA448-FA6F-3645-AE39-DDA56C4B676F}
		{10EA9874-F34F-3D3E-A6EA-BDAFE36C8506} = {10EA9874-F34F-3D3E-A6EA-BDAFE36C8506}
	EndProjectSection
EndProject
Project("{8BC9CEB8-8B4A-11D0-8D11-00A0C91BC942}") = "botlib_parity_update_translator", "tests\parity\botlib_parity_update_translator.vcxproj", "{10EA9874-F34F-3D3E-A6EA-BDAFE36C8506}"
	ProjectSection(ProjectDependencies) = postProject
		{7BD4E4BA-FAD9-3654-AFF4-19EB6E254579} = {7BD4E4BA-FAD9-3654-AFF4-19EB6E254579}
		{CBB82C98-BD69-3717-AC44-85F6B2BE44FC} = {CBB82C98-BD69-3717-AC44-85F6B2BE44FC}
		{069E40A8-BCDB-3C6E-866D-F3198C0066BC} = {069E40A8-BCDB-3C6E-866D-F3198C0066BC}
		{F9348054-8659-3238-8F6A-16AD906EACB4} = {F9348054-8659-3238-8F6A-16AD906EACB4}
	EndProjectSection
EndProject
Project("{8BC9CEB8-8B4A-11D0-8D11-00A0C91BC942}") = "botlib_precomp", "src\botlib\precomp\botlib_precomp.vcxproj", "{5A6C3E07-B32C-3659-B61F-58D00FFA87D7}"
	ProjectSection(ProjectDependencies) = postProject
		{7BD4E4BA-FAD9-3654-AFF4-19EB6E254579} = {7BD4E4BA-FAD9-3654-AFF4-19EB6E254579}
	EndProjectSection
EndProject
Project("{8BC9CEB8-8B4A-11D0-8D11-00A0C91BC942}") = "bspc", "tools\bspc\bspc.vcxproj", "{EB85154C-FE3B-3E32-B4E5-49821FFF91AF}"
	ProjectSection(ProjectDependencies) = postProject
		{7BD4E4BA-FAD9-3654-AFF4-19EB6E254579} = {7BD4E4BA-FAD9-3654-AFF4-19EB6E254579}
	EndProjectSection
EndProject
Project("{8BC9CEB8-8B4A-11D0-8D11-00A0C91BC942}") = "bspc_filesystem_tests", "tests\tools\bspc_filesystem_tests.vcxproj", "{02F80C30-AA7F-3DDE-B2D7-C001E4C8DA66}"
	ProjectSection(ProjectDependencies) = postProject
		{7BD4E4BA-FAD9-3654-AFF4-19EB6E254579} = {7BD4E4BA-FAD9-3654-AFF4-19EB6E254579}
	EndProjectSection
EndProject
Project("{8BC9CEB8-8B4A-11D0-8D11-00A0C91BC942}") = "bspc_legacy_tests", "tests\bspc\bspc_legacy_tests.vcxproj", "{07FA6463-91CB-3482-A6A0-C4317415ACC9}"
	ProjectSection(ProjectDependencies) = postProject
		{7BD4E4BA-FAD9-3654-AFF4-19EB6E254579} = {7BD4E4BA-FAD9-3654-AFF4-19EB6E254579}
	EndProjectSection
EndProject
Project("{8BC9CEB8-8B4A-11D0-8D11-00A0C91BC942}") = "bspc_map_parser_tests", "tests\bspc\bspc_map_parser_tests.vcxproj", "{E3B0C608-EB51-3277-BF30-9BD1AFD22657}"
	ProjectSection(ProjectDependencies) = postProject
		{7BD4E4BA-FAD9-3654-AFF4-19EB6E254579} = {7BD4E4BA-FAD9-3654-AFF4-19EB6E254579}
		{F9348054-8659-3238-8F6A-16AD906EACB4} = {F9348054-8659-3238-8F6A-16AD906EACB4}
	EndProjectSection
EndProject
Project("{8BC9CEB8-8B4A-11D0-8D11-00A0C91BC942}") = "bspc_world_loader_tests", "tests\bspc\bspc_world_loader_tests.vcxproj", "{389E8011-F43C-333B-B38D-2FEEBD0B2981}"
	ProjectSection(ProjectDependencies) = postProject
		{7BD4E4BA-FAD9-3654-AFF4-19EB6E254579} = {7BD4E4BA-FAD9-3654-AFF4-19EB6E254579}
		{F9348054-8659-3238-8F6A-16AD906EACB4} = {F9348054-8659-3238-8F6A-16AD906EACB4}
	EndProjectSection
EndProject
Project("{8BC9CEB8-8B4A-11D0-8D11-00A0C91BC942}") = "cmocka", "_deps\cmocka-build\src\cmocka.vcxproj", "{F9348054-8659-3238-8F6A-16AD906EACB4}"
	ProjectSection(ProjectDependencies) = postProject
		{7BD4E4BA-FAD9-3654-AFF4-19EB6E254579} = {7BD4E4BA-FAD9-3654-AFF4-19EB6E254579}
	EndProjectSection
EndProject
Project("{8BC9CEB8-8B4A-11D0-8D11-00A0C91BC942}") = "dist", "_deps\cmocka-build\dist.vcxproj", "{B99F57E3-8CD6-351B-8D22-1D8EEC23D828}"
	ProjectSection(ProjectDependencies) = postProject
		{7BD4E4BA-FAD9-3654-AFF4-19EB6E254579} = {7BD4E4BA-FAD9-3654-AFF4-19EB6E254579}
	EndProjectSection
EndProject
Project("{8BC9CEB8-8B4A-11D0-8D11-00A0C91BC942}") = "ea_tests", "tests\ea\ea_tests.vcxproj", "{D5E2533C-F868-313F-A9A4-83C9F82A8538}"
	ProjectSection(ProjectDependencies) = postProject
		{7BD4E4BA-FAD9-3654-AFF4-19EB6E254579} = {7BD4E4BA-FAD9-3654-AFF4-19EB6E254579}
		{069E40A8-BCDB-3C6E-866D-F3198C0066BC} = {069E40A8-BCDB-3C6E-866D-F3198C0066BC}
		{0BE07B60-5CF7-370E-9ECB-F1685B1994AF} = {0BE07B60-5CF7-370E-9ECB-F1685B1994AF}
		{F9348054-8659-3238-8F6A-16AD906EACB4} = {F9348054-8659-3238-8F6A-16AD906EACB4}
		{07AC7279-2EC6-3A0E-9723-A06FA3096B2A} = {07AC7279-2EC6-3A0E-9723-A06FA3096B2A}
	EndProjectSection
EndProject
Project("{8BC9CEB8-8B4A-11D0-8D11-00A0C91BC942}") = "gladiator", "gladiator.vcxproj", "{D8F7E68F-44FC-38E4-9FB6-6A007EB77335}"
	ProjectSection(ProjectDependencies) = postProject
		{7BD4E4BA-FAD9-3654-AFF4-19EB6E254579} = {7BD4E4BA-FAD9-3654-AFF4-19EB6E254579}
		{010198BB-9A39-3E6A-8B16-6BD80742A714} = {010198BB-9A39-3E6A-8B16-6BD80742A714}
		{CBB82C98-BD69-3717-AC44-85F6B2BE44FC} = {CBB82C98-BD69-3717-AC44-85F6B2BE44FC}
		{069E40A8-BCDB-3C6E-866D-F3198C0066BC} = {069E40A8-BCDB-3C6E-866D-F3198C0066BC}
		{0BE07B60-5CF7-370E-9ECB-F1685B1994AF} = {0BE07B60-5CF7-370E-9ECB-F1685B1994AF}
		{C9AE3185-FC13-323C-945C-5BD53B1885DA} = {C9AE3185-FC13-323C-945C-5BD53B1885DA}
		{5A6C3E07-B32C-3659-B61F-58D00FFA87D7} = {5A6C3E07-B32C-3659-B61F-58D00FFA87D7}
		{07AC7279-2EC6-3A0E-9723-A06FA3096B2A} = {07AC7279-2EC6-3A0E-9723-A06FA3096B2A}
	EndProjectSection
EndProject
Project("{8BC9CEB8-8B4A-11D0-8D11-00A0C91BC942}") = "q2bridge", "src\q2bridge\q2bridge.vcxproj", "{07AC7279-2EC6-3A0E-9723-A06FA3096B2A}"
	ProjectSection(ProjectDependencies) = postProject
		{7BD4E4BA-FAD9-3654-AFF4-19EB6E254579} = {7BD4E4BA-FAD9-3654-AFF4-19EB6E254579}
	EndProjectSection
EndProject
Global
	GlobalSection(SolutionConfigurationPlatforms) = preSolution
		Debug|x64 = Debug|x64
		Release|x64 = Release|x64
		MinSizeRel|x64 = MinSizeRel|x64
		RelWithDebInfo|x64 = RelWithDebInfo|x64
	EndGlobalSection
	GlobalSection(ProjectConfigurationPlatforms) = postSolution
		{C4D754F8-7607-35DB-8B44-0463B89305AC}.Debug|x64.ActiveCfg = Debug|x64
		{C4D754F8-7607-35DB-8B44-0463B89305AC}.Debug|x64.Build.0 = Debug|x64
		{C4D754F8-7607-35DB-8B44-0463B89305AC}.Release|x64.ActiveCfg = Release|x64
		{C4D754F8-7607-35DB-8B44-0463B89305AC}.Release|x64.Build.0 = Release|x64
		{C4D754F8-7607-35DB-8B44-0463B89305AC}.MinSizeRel|x64.ActiveCfg = MinSizeRel|x64
		{C4D754F8-7607-35DB-8B44-0463B89305AC}.MinSizeRel|x64.Build.0 = MinSizeRel|x64
		{C4D754F8-7607-35DB-8B44-0463B89305AC}.RelWithDebInfo|x64.ActiveCfg = RelWithDebInfo|x64
		{C4D754F8-7607-35DB-8B44-0463B89305AC}.RelWithDebInfo|x64.Build.0 = RelWithDebInfo|x64
		{8B62FA83-BEA4-369A-826B-5E1756C89C23}.Debug|x64.ActiveCfg = Debug|x64
		{8B62FA83-BEA4-369A-826B-5E1756C89C23}.Release|x64.ActiveCfg = Release|x64
		{8B62FA83-BEA4-369A-826B-5E1756C89C23}.MinSizeRel|x64.ActiveCfg = MinSizeRel|x64
		{8B62FA83-BEA4-369A-826B-5E1756C89C23}.RelWithDebInfo|x64.ActiveCfg = RelWithDebInfo|x64
		{3FE11AD7-B5E4-34D7-A126-2AC93558AC08}.Debug|x64.ActiveCfg = Debug|x64
		{3FE11AD7-B5E4-34D7-A126-2AC93558AC08}.Release|x64.ActiveCfg = Release|x64
		{3FE11AD7-B5E4-34D7-A126-2AC93558AC08}.MinSizeRel|x64.ActiveCfg = MinSizeRel|x64
		{3FE11AD7-B5E4-34D7-A126-2AC93558AC08}.RelWithDebInfo|x64.ActiveCfg = RelWithDebInfo|x64
		{4B4FB803-2ECE-3CEA-B330-6FB978A83C97}.Debug|x64.ActiveCfg = Debug|x64
		{4B4FB803-2ECE-3CEA-B330-6FB978A83C97}.Release|x64.ActiveCfg = Release|x64
		{4B4FB803-2ECE-3CEA-B330-6FB978A83C97}.MinSizeRel|x64.ActiveCfg = MinSizeRel|x64
		{4B4FB803-2ECE-3CEA-B330-6FB978A83C97}.RelWithDebInfo|x64.ActiveCfg = RelWithDebInfo|x64
		{2B324409-4787-3F8C-A929-572279DC518C}.Debug|x64.ActiveCfg = Debug|x64
		{2B324409-4787-3F8C-A929-572279DC518C}.Release|x64.ActiveCfg = Release|x64
		{2B324409-4787-3F8C-A929-572279DC518C}.MinSizeRel|x64.ActiveCfg = MinSizeRel|x64
		{2B324409-4787-3F8C-A929-572279DC518C}.RelWithDebInfo|x64.ActiveCfg = RelWithDebInfo|x64
		{8F49F37C-C395-30D7-B061-95137E840E2D}.Debug|x64.ActiveCfg = Debug|x64
		{8F49F37C-C395-30D7-B061-95137E840E2D}.Release|x64.ActiveCfg = Release|x64
		{8F49F37C-C395-30D7-B061-95137E840E2D}.MinSizeRel|x64.ActiveCfg = MinSizeRel|x64
		{8F49F37C-C395-30D7-B061-95137E840E2D}.RelWithDebInfo|x64.ActiveCfg = RelWithDebInfo|x64
		{A6280DBE-F254-3E40-A6DB-94FC56B1C1B1}.Debug|x64.ActiveCfg = Debug|x64
		{A6280DBE-F254-3E40-A6DB-94FC56B1C1B1}.Release|x64.ActiveCfg = Release|x64
		{A6280DBE-F254-3E40-A6DB-94FC56B1C1B1}.MinSizeRel|x64.ActiveCfg = MinSizeRel|x64
		{A6280DBE-F254-3E40-A6DB-94FC56B1C1B1}.RelWithDebInfo|x64.ActiveCfg = RelWithDebInfo|x64
		{770344CD-9622-3463-B698-8E55017E2C04}.Debug|x64.ActiveCfg = Debug|x64
		{770344CD-9622-3463-B698-8E55017E2C04}.Release|x64.ActiveCfg = Release|x64
		{770344CD-9622-3463-B698-8E55017E2C04}.MinSizeRel|x64.ActiveCfg = MinSizeRel|x64
		{770344CD-9622-3463-B698-8E55017E2C04}.RelWithDebInfo|x64.ActiveCfg = RelWithDebInfo|x64
		{7BD4E4BA-FAD9-3654-AFF4-19EB6E254579}.Debug|x64.ActiveCfg = Debug|x64
		{7BD4E4BA-FAD9-3654-AFF4-19EB6E254579}.Debug|x64.Build.0 = Debug|x64
		{7BD4E4BA-FAD9-3654-AFF4-19EB6E254579}.Release|x64.ActiveCfg = Release|x64
		{7BD4E4BA-FAD9-3654-AFF4-19EB6E254579}.Release|x64.Build.0 = Release|x64
		{7BD4E4BA-FAD9-3654-AFF4-19EB6E254579}.MinSizeRel|x64.ActiveCfg = MinSizeRel|x64
		{7BD4E4BA-FAD9-3654-AFF4-19EB6E254579}.MinSizeRel|x64.Build.0 = MinSizeRel|x64
		{7BD4E4BA-FAD9-3654-AFF4-19EB6E254579}.RelWithDebInfo|x64.ActiveCfg = RelWithDebInfo|x64
		{7BD4E4BA-FAD9-3654-AFF4-19EB6E254579}.RelWithDebInfo|x64.Build.0 = RelWithDebInfo|x64
		{A71B0D69-53A1-38DA-A83A-3091467BC119}.Debug|x64.ActiveCfg = Debug|x64
		{A71B0D69-53A1-38DA-A83A-3091467BC119}.Debug|x64.Build.0 = Debug|x64
		{A71B0D69-53A1-38DA-A83A-3091467BC119}.Release|x64.ActiveCfg = Release|x64
		{A71B0D69-53A1-38DA-A83A-3091467BC119}.Release|x64.Build.0 = Release|x64
		{A71B0D69-53A1-38DA-A83A-3091467BC119}.MinSizeRel|x64.ActiveCfg = MinSizeRel|x64
		{A71B0D69-53A1-38DA-A83A-3091467BC119}.MinSizeRel|x64.Build.0 = MinSizeRel|x64
		{A71B0D69-53A1-38DA-A83A-3091467BC119}.RelWithDebInfo|x64.ActiveCfg = RelWithDebInfo|x64
		{A71B0D69-53A1-38DA-A83A-3091467BC119}.RelWithDebInfo|x64.Build.0 = RelWithDebInfo|x64
		{70AEE6E3-1A7C-3230-A64E-2334B66E1B15}.Debug|x64.ActiveCfg = Debug|x64
		{70AEE6E3-1A7C-3230-A64E-2334B66E1B15}.Debug|x64.Build.0 = Debug|x64
		{70AEE6E3-1A7C-3230-A64E-2334B66E1B15}.Release|x64.ActiveCfg = Release|x64
		{70AEE6E3-1A7C-3230-A64E-2334B66E1B15}.Release|x64.Build.0 = Release|x64
		{70AEE6E3-1A7C-3230-A64E-2334B66E1B15}.MinSizeRel|x64.ActiveCfg = MinSizeRel|x64
		{70AEE6E3-1A7C-3230-A64E-2334B66E1B15}.MinSizeRel|x64.Build.0 = MinSizeRel|x64
		{70AEE6E3-1A7C-3230-A64E-2334B66E1B15}.RelWithDebInfo|x64.ActiveCfg = RelWithDebInfo|x64
		{70AEE6E3-1A7C-3230-A64E-2334B66E1B15}.RelWithDebInfo|x64.Build.0 = RelWithDebInfo|x64
		{F0DCC2ED-73BF-34E8-9EE6-9148876AFC1E}.Debug|x64.ActiveCfg = Debug|x64
		{F0DCC2ED-73BF-34E8-9EE6-9148876AFC1E}.Debug|x64.Build.0 = Debug|x64
		{F0DCC2ED-73BF-34E8-9EE6-9148876AFC1E}.Release|x64.ActiveCfg = Release|x64
		{F0DCC2ED-73BF-34E8-9EE6-9148876AFC1E}.Release|x64.Build.0 = Release|x64
		{F0DCC2ED-73BF-34E8-9EE6-9148876AFC1E}.MinSizeRel|x64.ActiveCfg = MinSizeRel|x64
		{F0DCC2ED-73BF-34E8-9EE6-9148876AFC1E}.MinSizeRel|x64.Build.0 = MinSizeRel|x64
		{F0DCC2ED-73BF-34E8-9EE6-9148876AFC1E}.RelWithDebInfo|x64.ActiveCfg = RelWithDebInfo|x64
		{F0DCC2ED-73BF-34E8-9EE6-9148876AFC1E}.RelWithDebInfo|x64.Build.0 = RelWithDebInfo|x64
		{87DFC5DA-73AE-31B1-B57A-AF99508657F5}.Debug|x64.ActiveCfg = Debug|x64
		{87DFC5DA-73AE-31B1-B57A-AF99508657F5}.Debug|x64.Build.0 = Debug|x64
		{87DFC5DA-73AE-31B1-B57A-AF99508657F5}.Release|x64.ActiveCfg = Release|x64
		{87DFC5DA-73AE-31B1-B57A-AF99508657F5}.Release|x64.Build.0 = Release|x64
		{87DFC5DA-73AE-31B1-B57A-AF99508657F5}.MinSizeRel|x64.ActiveCfg = MinSizeRel|x64
		{87DFC5DA-73AE-31B1-B57A-AF99508657F5}.MinSizeRel|x64.Build.0 = MinSizeRel|x64
		{87DFC5DA-73AE-31B1-B57A-AF99508657F5}.RelWithDebInfo|x64.ActiveCfg = RelWithDebInfo|x64
		{87DFC5DA-73AE-31B1-B57A-AF99508657F5}.RelWithDebInfo|x64.Build.0 = RelWithDebInfo|x64
		{AB69F1C3-9019-3B10-ABC3-1E6FA4AF9F55}.Debug|x64.ActiveCfg = Debug|x64
		{AB69F1C3-9019-3B10-ABC3-1E6FA4AF9F55}.Debug|x64.Build.0 = Debug|x64
		{AB69F1C3-9019-3B10-ABC3-1E6FA4AF9F55}.Release|x64.ActiveCfg = Release|x64
		{AB69F1C3-9019-3B10-ABC3-1E6FA4AF9F55}.Release|x64.Build.0 = Release|x64
		{AB69F1C3-9019-3B10-ABC3-1E6FA4AF9F55}.MinSizeRel|x64.ActiveCfg = MinSizeRel|x64
		{AB69F1C3-9019-3B10-ABC3-1E6FA4AF9F55}.MinSizeRel|x64.Build.0 = MinSizeRel|x64
		{AB69F1C3-9019-3B10-ABC3-1E6FA4AF9F55}.RelWithDebInfo|x64.ActiveCfg = RelWithDebInfo|x64
		{AB69F1C3-9019-3B10-ABC3-1E6FA4AF9F55}.RelWithDebInfo|x64.Build.0 = RelWithDebInfo|x64
		{F93AF02C-6E1D-374B-8CAA-CC595312664B}.Debug|x64.ActiveCfg = Debug|x64
		{F93AF02C-6E1D-374B-8CAA-CC595312664B}.Debug|x64.Build.0 = Debug|x64
		{F93AF02C-6E1D-374B-8CAA-CC595312664B}.Release|x64.ActiveCfg = Release|x64
		{F93AF02C-6E1D-374B-8CAA-CC595312664B}.Release|x64.Build.0 = Release|x64
		{F93AF02C-6E1D-374B-8CAA-CC595312664B}.MinSizeRel|x64.ActiveCfg = MinSizeRel|x64
		{F93AF02C-6E1D-374B-8CAA-CC595312664B}.MinSizeRel|x64.Build.0 = MinSizeRel|x64
		{F93AF02C-6E1D-374B-8CAA-CC595312664B}.RelWithDebInfo|x64.ActiveCfg = RelWithDebInfo|x64
		{F93AF02C-6E1D-374B-8CAA-CC595312664B}.RelWithDebInfo|x64.Build.0 = RelWithDebInfo|x64
		{10CD0924-BB8B-368F-8351-B6290B6BBD90}.Debug|x64.ActiveCfg = Debug|x64
		{10CD0924-BB8B-368F-8351-B6290B6BBD90}.Debug|x64.Build.0 = Debug|x64
		{10CD0924-BB8B-368F-8351-B6290B6BBD90}.Release|x64.ActiveCfg = Release|x64
		{10CD0924-BB8B-368F-8351-B6290B6BBD90}.Release|x64.Build.0 = Release|x64
		{10CD0924-BB8B-368F-8351-B6290B6BBD90}.MinSizeRel|x64.ActiveCfg = MinSizeRel|x64
		{10CD0924-BB8B-368F-8351-B6290B6BBD90}.MinSizeRel|x64.Build.0 = MinSizeRel|x64
		{10CD0924-BB8B-368F-8351-B6290B6BBD90}.RelWithDebInfo|x64.ActiveCfg = RelWithDebInfo|x64
		{10CD0924-BB8B-368F-8351-B6290B6BBD90}.RelWithDebInfo|x64.Build.0 = RelWithDebInfo|x64
		{5F591725-6BFF-3E5F-A43B-2C15BF879573}.Debug|x64.ActiveCfg = Debug|x64
		{5F591725-6BFF-3E5F-A43B-2C15BF879573}.Debug|x64.Build.0 = Debug|x64
		{5F591725-6BFF-3E5F-A43B-2C15BF879573}.Release|x64.ActiveCfg = Release|x64
		{5F591725-6BFF-3E5F-A43B-2C15BF879573}.Release|x64.Build.0 = Release|x64
		{5F591725-6BFF-3E5F-A43B-2C15BF879573}.MinSizeRel|x64.ActiveCfg = MinSizeRel|x64
		{5F591725-6BFF-3E5F-A43B-2C15BF879573}.MinSizeRel|x64.Build.0 = MinSizeRel|x64
		{5F591725-6BFF-3E5F-A43B-2C15BF879573}.RelWithDebInfo|x64.ActiveCfg = RelWithDebInfo|x64
		{5F591725-6BFF-3E5F-A43B-2C15BF879573}.RelWithDebInfo|x64.Build.0 = RelWithDebInfo|x64
		{8D3C5A43-5788-3565-9C02-0C8D416D3D29}.Debug|x64.ActiveCfg = Debug|x64
		{8D3C5A43-5788-3565-9C02-0C8D416D3D29}.Debug|x64.Build.0 = Debug|x64
		{8D3C5A43-5788-3565-9C02-0C8D416D3D29}.Release|x64.ActiveCfg = Release|x64
		{8D3C5A43-5788-3565-9C02-0C8D416D3D29}.Release|x64.Build.0 = Release|x64
		{8D3C5A43-5788-3565-9C02-0C8D416D3D29}.MinSizeRel|x64.ActiveCfg = MinSizeRel|x64
		{8D3C5A43-5788-3565-9C02-0C8D416D3D29}.MinSizeRel|x64.Build.0 = MinSizeRel|x64
		{8D3C5A43-5788-3565-9C02-0C8D416D3D29}.RelWithDebInfo|x64.ActiveCfg = RelWithDebInfo|x64
		{8D3C5A43-5788-3565-9C02-0C8D416D3D29}.RelWithDebInfo|x64.Build.0 = RelWithDebInfo|x64
		{89B66C12-9F7B-31D8-8DC9-2999CFB5F20E}.Debug|x64.ActiveCfg = Debug|x64
		{89B66C12-9F7B-31D8-8DC9-2999CFB5F20E}.Debug|x64.Build.0 = Debug|x64
		{89B66C12-9F7B-31D8-8DC9-2999CFB5F20E}.Release|x64.ActiveCfg = Release|x64
		{89B66C12-9F7B-31D8-8DC9-2999CFB5F20E}.Release|x64.Build.0 = Release|x64
		{89B66C12-9F7B-31D8-8DC9-2999CFB5F20E}.MinSizeRel|x64.ActiveCfg = MinSizeRel|x64
		{89B66C12-9F7B-31D8-8DC9-2999CFB5F20E}.MinSizeRel|x64.Build.0 = MinSizeRel|x64
		{89B66C12-9F7B-31D8-8DC9-2999CFB5F20E}.RelWithDebInfo|x64.ActiveCfg = RelWithDebInfo|x64
		{89B66C12-9F7B-31D8-8DC9-2999CFB5F20E}.RelWithDebInfo|x64.Build.0 = RelWithDebInfo|x64
		{4B30EB93-B289-3329-B2D3-247380110260}.Debug|x64.ActiveCfg = Debug|x64
		{4B30EB93-B289-3329-B2D3-247380110260}.Debug|x64.Build.0 = Debug|x64
		{4B30EB93-B289-3329-B2D3-247380110260}.Release|x64.ActiveCfg = Release|x64
		{4B30EB93-B289-3329-B2D3-247380110260}.Release|x64.Build.0 = Release|x64
		{4B30EB93-B289-3329-B2D3-247380110260}.MinSizeRel|x64.ActiveCfg = MinSizeRel|x64
		{4B30EB93-B289-3329-B2D3-247380110260}.MinSizeRel|x64.Build.0 = MinSizeRel|x64
		{4B30EB93-B289-3329-B2D3-247380110260}.RelWithDebInfo|x64.ActiveCfg = RelWithDebInfo|x64
		{4B30EB93-B289-3329-B2D3-247380110260}.RelWithDebInfo|x64.Build.0 = RelWithDebInfo|x64
		{9A30019E-DB7C-3AAB-A872-D4248CE98B77}.Debug|x64.ActiveCfg = Debug|x64
		{9A30019E-DB7C-3AAB-A872-D4248CE98B77}.Debug|x64.Build.0 = Debug|x64
		{9A30019E-DB7C-3AAB-A872-D4248CE98B77}.Release|x64.ActiveCfg = Release|x64
		{9A30019E-DB7C-3AAB-A872-D4248CE98B77}.Release|x64.Build.0 = Release|x64
		{9A30019E-DB7C-3AAB-A872-D4248CE98B77}.MinSizeRel|x64.ActiveCfg = MinSizeRel|x64
		{9A30019E-DB7C-3AAB-A872-D4248CE98B77}.MinSizeRel|x64.Build.0 = MinSizeRel|x64
		{9A30019E-DB7C-3AAB-A872-D4248CE98B77}.RelWithDebInfo|x64.ActiveCfg = RelWithDebInfo|x64
		{9A30019E-DB7C-3AAB-A872-D4248CE98B77}.RelWithDebInfo|x64.Build.0 = RelWithDebInfo|x64
		{010198BB-9A39-3E6A-8B16-6BD80742A714}.Debug|x64.ActiveCfg = Debug|x64
		{010198BB-9A39-3E6A-8B16-6BD80742A714}.Debug|x64.Build.0 = Debug|x64
		{010198BB-9A39-3E6A-8B16-6BD80742A714}.Release|x64.ActiveCfg = Release|x64
		{010198BB-9A39-3E6A-8B16-6BD80742A714}.Release|x64.Build.0 = Release|x64
		{010198BB-9A39-3E6A-8B16-6BD80742A714}.MinSizeRel|x64.ActiveCfg = MinSizeRel|x64
		{010198BB-9A39-3E6A-8B16-6BD80742A714}.MinSizeRel|x64.Build.0 = MinSizeRel|x64
		{010198BB-9A39-3E6A-8B16-6BD80742A714}.RelWithDebInfo|x64.ActiveCfg = RelWithDebInfo|x64
		{010198BB-9A39-3E6A-8B16-6BD80742A714}.RelWithDebInfo|x64.Build.0 = RelWithDebInfo|x64
		{CBB82C98-BD69-3717-AC44-85F6B2BE44FC}.Debug|x64.ActiveCfg = Debug|x64
		{CBB82C98-BD69-3717-AC44-85F6B2BE44FC}.Debug|x64.Build.0 = Debug|x64
		{CBB82C98-BD69-3717-AC44-85F6B2BE44FC}.Release|x64.ActiveCfg = Release|x64
		{CBB82C98-BD69-3717-AC44-85F6B2BE44FC}.Release|x64.Build.0 = Release|x64
		{CBB82C98-BD69-3717-AC44-85F6B2BE44FC}.MinSizeRel|x64.ActiveCfg = MinSizeRel|x64
		{CBB82C98-BD69-3717-AC44-85F6B2BE44FC}.MinSizeRel|x64.Build.0 = MinSizeRel|x64
		{CBB82C98-BD69-3717-AC44-85F6B2BE44FC}.RelWithDebInfo|x64.ActiveCfg = RelWithDebInfo|x64
		{CBB82C98-BD69-3717-AC44-85F6B2BE44FC}.RelWithDebInfo|x64.Build.0 = RelWithDebInfo|x64
		{069E40A8-BCDB-3C6E-866D-F3198C0066BC}.Debug|x64.ActiveCfg = Debug|x64
		{069E40A8-BCDB-3C6E-866D-F3198C0066BC}.Debug|x64.Build.0 = Debug|x64
		{069E40A8-BCDB-3C6E-866D-F3198C0066BC}.Release|x64.ActiveCfg = Release|x64
		{069E40A8-BCDB-3C6E-866D-F3198C0066BC}.Release|x64.Build.0 = Release|x64
		{069E40A8-BCDB-3C6E-866D-F3198C0066BC}.MinSizeRel|x64.ActiveCfg = MinSizeRel|x64
		{069E40A8-BCDB-3C6E-866D-F3198C0066BC}.MinSizeRel|x64.Build.0 = MinSizeRel|x64
		{069E40A8-BCDB-3C6E-866D-F3198C0066BC}.RelWithDebInfo|x64.ActiveCfg = RelWithDebInfo|x64
		{069E40A8-BCDB-3C6E-866D-F3198C0066BC}.RelWithDebInfo|x64.Build.0 = RelWithDebInfo|x64
		{0BE07B60-5CF7-370E-9ECB-F1685B1994AF}.Debug|x64.ActiveCfg = Debug|x64
		{0BE07B60-5CF7-370E-9ECB-F1685B1994AF}.Debug|x64.Build.0 = Debug|x64
		{0BE07B60-5CF7-370E-9ECB-F1685B1994AF}.Release|x64.ActiveCfg = Release|x64
		{0BE07B60-5CF7-370E-9ECB-F1685B1994AF}.Release|x64.Build.0 = Release|x64
		{0BE07B60-5CF7-370E-9ECB-F1685B1994AF}.MinSizeRel|x64.ActiveCfg = MinSizeRel|x64
		{0BE07B60-5CF7-370E-9ECB-F1685B1994AF}.MinSizeRel|x64.Build.0 = MinSizeRel|x64
		{0BE07B60-5CF7-370E-9ECB-F1685B1994AF}.RelWithDebInfo|x64.ActiveCfg = RelWithDebInfo|x64
		{0BE07B60-5CF7-370E-9ECB-F1685B1994AF}.RelWithDebInfo|x64.Build.0 = RelWithDebInfo|x64
		{C9AE3185-FC13-323C-945C-5BD53B1885DA}.Debug|x64.ActiveCfg = Debug|x64
		{C9AE3185-FC13-323C-945C-5BD53B1885DA}.Debug|x64.Build.0 = Debug|x64
		{C9AE3185-FC13-323C-945C-5BD53B1885DA}.Release|x64.ActiveCfg = Release|x64
		{C9AE3185-FC13-323C-945C-5BD53B1885DA}.Release|x64.Build.0 = Release|x64
		{C9AE3185-FC13-323C-945C-5BD53B1885DA}.MinSizeRel|x64.ActiveCfg = MinSizeRel|x64
		{C9AE3185-FC13-323C-945C-5BD53B1885DA}.MinSizeRel|x64.Build.0 = MinSizeRel|x64
		{C9AE3185-FC13-323C-945C-5BD53B1885DA}.RelWithDebInfo|x64.ActiveCfg = RelWithDebInfo|x64
		{C9AE3185-FC13-323C-945C-5BD53B1885DA}.RelWithDebInfo|x64.Build.0 = RelWithDebInfo|x64
		{01896640-D839-3CAC-9CDB-4A719586BD25}.Debug|x64.ActiveCfg = Debug|x64
		{01896640-D839-3CAC-9CDB-4A719586BD25}.Debug|x64.Build.0 = Debug|x64
		{01896640-D839-3CAC-9CDB-4A719586BD25}.Release|x64.ActiveCfg = Release|x64
		{01896640-D839-3CAC-9CDB-4A719586BD25}.Release|x64.Build.0 = Release|x64
		{01896640-D839-3CAC-9CDB-4A719586BD25}.MinSizeRel|x64.ActiveCfg = MinSizeRel|x64
		{01896640-D839-3CAC-9CDB-4A719586BD25}.MinSizeRel|x64.Build.0 = MinSizeRel|x64
		{01896640-D839-3CAC-9CDB-4A719586BD25}.RelWithDebInfo|x64.ActiveCfg = RelWithDebInfo|x64
		{01896640-D839-3CAC-9CDB-4A719586BD25}.RelWithDebInfo|x64.Build.0 = RelWithDebInfo|x64
		{BF473450-7D34-3602-96D0-3C721E744DBC}.Debug|x64.ActiveCfg = Debug|x64
		{BF473450-7D34-3602-96D0-3C721E744DBC}.Debug|x64.Build.0 = Debug|x64
		{BF473450-7D34-3602-96D0-3C721E744DBC}.Release|x64.ActiveCfg = Release|x64
		{BF473450-7D34-3602-96D0-3C721E744DBC}.Release|x64.Build.0 = Release|x64
		{BF473450-7D34-3602-96D0-3C721E744DBC}.MinSizeRel|x64.ActiveCfg = MinSizeRel|x64
		{BF473450-7D34-3602-96D0-3C721E744DBC}.MinSizeRel|x64.Build.0 = MinSizeRel|x64
		{BF473450-7D34-3602-96D0-3C721E744DBC}.RelWithDebInfo|x64.ActiveCfg = RelWithDebInfo|x64
		{BF473450-7D34-3602-96D0-3C721E744DBC}.RelWithDebInfo|x64.Build.0 = RelWithDebInfo|x64
		{CBA42045-6E03-3452-A049-F6A45B8E4323}.Debug|x64.ActiveCfg = Debug|x64
		{CBA42045-6E03-3452-A049-F6A45B8E4323}.Debug|x64.Build.0 = Debug|x64
		{CBA42045-6E03-3452-A049-F6A45B8E4323}.Release|x64.ActiveCfg = Release|x64
		{CBA42045-6E03-3452-A049-F6A45B8E4323}.Release|x64.Build.0 = Release|x64
		{CBA42045-6E03-3452-A049-F6A45B8E4323}.MinSizeRel|x64.ActiveCfg = MinSizeRel|x64
		{CBA42045-6E03-3452-A049-F6A45B8E4323}.MinSizeRel|x64.Build.0 = MinSizeRel|x64
		{CBA42045-6E03-3452-A049-F6A45B8E4323}.RelWithDebInfo|x64.ActiveCfg = RelWithDebInfo|x64
		{CBA42045-6E03-3452-A049-F6A45B8E4323}.RelWithDebInfo|x64.Build.0 = RelWithDebInfo|x64
		{729A9BAF-285C-3E36-AC03-E5D00A5A8DE8}.Debug|x64.ActiveCfg = Debug|x64
		{729A9BAF-285C-3E36-AC03-E5D00A5A8DE8}.Debug|x64.Build.0 = Debug|x64
		{729A9BAF-285C-3E36-AC03-E5D00A5A8DE8}.Release|x64.ActiveCfg = Release|x64
		{729A9BAF-285C-3E36-AC03-E5D00A5A8DE8}.Release|x64.Build.0 = Release|x64
		{729A9BAF-285C-3E36-AC03-E5D00A5A8DE8}.MinSizeRel|x64.ActiveCfg = MinSizeRel|x64
		{729A9BAF-285C-3E36-AC03-E5D00A5A8DE8}.MinSizeRel|x64.Build.0 = MinSizeRel|x64
		{729A9BAF-285C-3E36-AC03-E5D00A5A8DE8}.RelWithDebInfo|x64.ActiveCfg = RelWithDebInfo|x64
		{729A9BAF-285C-3E36-AC03-E5D00A5A8DE8}.RelWithDebInfo|x64.Build.0 = RelWithDebInfo|x64
		{AEFEA448-FA6F-3645-AE39-DDA56C4B676F}.Debug|x64.ActiveCfg = Debug|x64
		{AEFEA448-FA6F-3645-AE39-DDA56C4B676F}.Debug|x64.Build.0 = Debug|x64
		{AEFEA448-FA6F-3645-AE39-DDA56C4B676F}.Release|x64.ActiveCfg = Release|x64
		{AEFEA448-FA6F-3645-AE39-DDA56C4B676F}.Release|x64.Build.0 = Release|x64
		{AEFEA448-FA6F-3645-AE39-DDA56C4B676F}.MinSizeRel|x64.ActiveCfg = MinSizeRel|x64
		{AEFEA448-FA6F-3645-AE39-DDA56C4B676F}.MinSizeRel|x64.Build.0 = MinSizeRel|x64
		{AEFEA448-FA6F-3645-AE39-DDA56C4B676F}.RelWithDebInfo|x64.ActiveCfg = RelWithDebInfo|x64
		{AEFEA448-FA6F-3645-AE39-DDA56C4B676F}.RelWithDebInfo|x64.Build.0 = RelWithDebInfo|x64
		{085CA140-5735-3592-B702-1F0202FF4D45}.Debug|x64.ActiveCfg = Debug|x64
		{085CA140-5735-3592-B702-1F0202FF4D45}.Release|x64.ActiveCfg = Release|x64
		{085CA140-5735-3592-B702-1F0202FF4D45}.MinSizeRel|x64.ActiveCfg = MinSizeRel|x64
		{085CA140-5735-3592-B702-1F0202FF4D45}.RelWithDebInfo|x64.ActiveCfg = RelWithDebInfo|x64
		{10EA9874-F34F-3D3E-A6EA-BDAFE36C8506}.Debug|x64.ActiveCfg = Debug|x64
		{10EA9874-F34F-3D3E-A6EA-BDAFE36C8506}.Debug|x64.Build.0 = Debug|x64
		{10EA9874-F34F-3D3E-A6EA-BDAFE36C8506}.Release|x64.ActiveCfg = Release|x64
		{10EA9874-F34F-3D3E-A6EA-BDAFE36C8506}.Release|x64.Build.0 = Release|x64
		{10EA9874-F34F-3D3E-A6EA-BDAFE36C8506}.MinSizeRel|x64.ActiveCfg = MinSizeRel|x64
		{10EA9874-F34F-3D3E-A6EA-BDAFE36C8506}.MinSizeRel|x64.Build.0 = MinSizeRel|x64
		{10EA9874-F34F-3D3E-A6EA-BDAFE36C8506}.RelWithDebInfo|x64.ActiveCfg = RelWithDebInfo|x64
		{10EA9874-F34F-3D3E-A6EA-BDAFE36C8506}.RelWithDebInfo|x64.Build.0 = RelWithDebInfo|x64
		{5A6C3E07-B32C-3659-B61F-58D00FFA87D7}.Debug|x64.ActiveCfg = Debug|x64
		{5A6C3E07-B32C-3659-B61F-58D00FFA87D7}.Debug|x64.Build.0 = Debug|x64
		{5A6C3E07-B32C-3659-B61F-58D00FFA87D7}.Release|x64.ActiveCfg = Release|x64
		{5A6C3E07-B32C-3659-B61F-58D00FFA87D7}.Release|x64.Build.0 = Release|x64
		{5A6C3E07-B32C-3659-B61F-58D00FFA87D7}.MinSizeRel|x64.ActiveCfg = MinSizeRel|x64
		{5A6C3E07-B32C-3659-B61F-58D00FFA87D7}.MinSizeRel|x64.Build.0 = MinSizeRel|x64
		{5A6C3E07-B32C-3659-B61F-58D00FFA87D7}.RelWithDebInfo|x64.ActiveCfg = RelWithDebInfo|x64
		{5A6C3E07-B32C-3659-B61F-58D00FFA87D7}.RelWithDebInfo|x64.Build.0 = RelWithDebInfo|x64
		{EB85154C-FE3B-3E32-B4E5-49821FFF91AF}.Debug|x64.ActiveCfg = Debug|x64
		{EB85154C-FE3B-3E32-B4E5-49821FFF91AF}.Debug|x64.Build.0 = Debug|x64
		{EB85154C-FE3B-3E32-B4E5-49821FFF91AF}.Release|x64.ActiveCfg = Release|x64
		{EB85154C-FE3B-3E32-B4E5-49821FFF91AF}.Release|x64.Build.0 = Release|x64
		{EB85154C-FE3B-3E32-B4E5-49821FFF91AF}.MinSizeRel|x64.ActiveCfg = MinSizeRel|x64
		{EB85154C-FE3B-3E32-B4E5-49821FFF91AF}.MinSizeRel|x64.Build.0 = MinSizeRel|x64
		{EB85154C-FE3B-3E32-B4E5-49821FFF91AF}.RelWithDebInfo|x64.ActiveCfg = RelWithDebInfo|x64
		{EB85154C-FE3B-3E32-B4E5-49821FFF91AF}.RelWithDebInfo|x64.Build.0 = RelWithDebInfo|x64
		{02F80C30-AA7F-3DDE-B2D7-C001E4C8DA66}.Debug|x64.ActiveCfg = Debug|x64
		{02F80C30-AA7F-3DDE-B2D7-C001E4C8DA66}.Debug|x64.Build.0 = Debug|x64
		{02F80C30-AA7F-3DDE-B2D7-C001E4C8DA66}.Release|x64.ActiveCfg = Release|x64
		{02F80C30-AA7F-3DDE-B2D7-C001E4C8DA66}.Release|x64.Build.0 = Release|x64
		{02F80C30-AA7F-3DDE-B2D7-C001E4C8DA66}.MinSizeRel|x64.ActiveCfg = MinSizeRel|x64
		{02F80C30-AA7F-3DDE-B2D7-C001E4C8DA66}.MinSizeRel|x64.Build.0 = MinSizeRel|x64
		{02F80C30-AA7F-3DDE-B2D7-C001E4C8DA66}.RelWithDebInfo|x64.ActiveCfg = RelWithDebInfo|x64
		{02F80C30-AA7F-3DDE-B2D7-C001E4C8DA66}.RelWithDebInfo|x64.Build.0 = RelWithDebInfo|x64
		{07FA6463-91CB-3482-A6A0-C4317415ACC9}.Debug|x64.ActiveCfg = Debug|x64
		{07FA6463-91CB-3482-A6A0-C4317415ACC9}.Debug|x64.Build.0 = Debug|x64
		{07FA6463-91CB-3482-A6A0-C4317415ACC9}.Release|x64.ActiveCfg = Release|x64
		{07FA6463-91CB-3482-A6A0-C4317415ACC9}.Release|x64.Build.0 = Release|x64
		{07FA6463-91CB-3482-A6A0-C4317415ACC9}.MinSizeRel|x64.ActiveCfg = MinSizeRel|x64
		{07FA6463-91CB-3482-A6A0-C4317415ACC9}.MinSizeRel|x64.Build.0 = MinSizeRel|x64
		{07FA6463-91CB-3482-A6A0-C4317415ACC9}.RelWithDebInfo|x64.ActiveCfg = RelWithDebInfo|x64
		{07FA6463-91CB-3482-A6A0-C4317415ACC9}.RelWithDebInfo|x64.Build.0 = RelWithDebInfo|x64
		{E3B0C608-EB51-3277-BF30-9BD1AFD22657}.Debug|x64.ActiveCfg = Debug|x64
		{E3B0C608-EB51-3277-BF30-9BD1AFD22657}.Debug|x64.Build.0 = Debug|x64
		{E3B0C608-EB51-3277-BF30-9BD1AFD22657}.Release|x64.ActiveCfg = Release|x64
		{E3B0C608-EB51-3277-BF30-9BD1AFD22657}.Release|x64.Build.0 = Release|x64
		{E3B0C608-EB51-3277-BF30-9BD1AFD22657}.MinSizeRel|x64.ActiveCfg = MinSizeRel|x64
		{E3B0C608-EB51-3277-BF30-9BD1AFD22657}.MinSizeRel|x64.Build.0 = MinSizeRel|x64
		{E3B0C608-EB51-3277-BF30-9BD1AFD22657}.RelWithDebInfo|x64.ActiveCfg = RelWithDebInfo|x64
		{E3B0C608-EB51-3277-BF30-9BD1AFD22657}.RelWithDebInfo|x64.Build.0 = RelWithDebInfo|x64
		{389E8011-F43C-333B-B38D-2FEEBD0B2981}.Debug|x64.ActiveCfg = Debug|x64
		{389E8011-F43C-333B-B38D-2FEEBD0B2981}.Debug|x64.Build.0 = Debug|x64
		{389E8011-F43C-333B-B38D-2FEEBD0B2981}.Release|x64.ActiveCfg = Release|x64
		{389E8011-F43C-333B-B38D-2FEEBD0B2981}.Release|x64.Build.0 = Release|x64
		{389E8011-F43C-333B-B38D-2FEEBD0B2981}.MinSizeRel|x64.ActiveCfg = MinSizeRel|x64
		{389E8011-F43C-333B-B38D-2FEEBD0B2981}.MinSizeRel|x64.Build.0 = MinSizeRel|x64
		{389E8011-F43C-333B-B38D-2FEEBD0B2981}.RelWithDebInfo|x64.ActiveCfg = RelWithDebInfo|x64
		{389E8011-F43C-333B-B38D-2FEEBD0B2981}.RelWithDebInfo|x64.Build.0 = RelWithDebInfo|x64
		{F9348054-8659-3238-8F6A-16AD906EACB4}.Debug|x64.ActiveCfg = Debug|x64
		{F9348054-8659-3238-8F6A-16AD906EACB4}.Debug|x64.Build.0 = Debug|x64
		{F9348054-8659-3238-8F6A-16AD906EACB4}.Release|x64.ActiveCfg = Release|x64
		{F9348054-8659-3238-8F6A-16AD906EACB4}.Release|x64.Build.0 = Release|x64
		{F9348054-8659-3238-8F6A-16AD906EACB4}.MinSizeRel|x64.ActiveCfg = MinSizeRel|x64
		{F9348054-8659-3238-8F6A-16AD906EACB4}.MinSizeRel|x64.Build.0 = MinSizeRel|x64
		{F9348054-8659-3238-8F6A-16AD906EACB4}.RelWithDebInfo|x64.ActiveCfg = RelWithDebInfo|x64
		{F9348054-8659-3238-8F6A-16AD906EACB4}.RelWithDebInfo|x64.Build.0 = RelWithDebInfo|x64
		{B99F57E3-8CD6-351B-8D22-1D8EEC23D828}.Debug|x64.ActiveCfg = Debug|x64
		{B99F57E3-8CD6-351B-8D22-1D8EEC23D828}.Release|x64.ActiveCfg = Release|x64
		{B99F57E3-8CD6-351B-8D22-1D8EEC23D828}.MinSizeRel|x64.ActiveCfg = MinSizeRel|x64
		{B99F57E3-8CD6-351B-8D22-1D8EEC23D828}.RelWithDebInfo|x64.ActiveCfg = RelWithDebInfo|x64
		{D5E2533C-F868-313F-A9A4-83C9F82A8538}.Debug|x64.ActiveCfg = Debug|x64
		{D5E2533C-F868-313F-A9A4-83C9F82A8538}.Debug|x64.Build.0 = Debug|x64
		{D5E2533C-F868-313F-A9A4-83C9F82A8538}.Release|x64.ActiveCfg = Release|x64
		{D5E2533C-F868-313F-A9A4-83C9F82A8538}.Release|x64.Build.0 = Release|x64
		{D5E2533C-F868-313F-A9A4-83C9F82A8538}.MinSizeRel|x64.ActiveCfg = MinSizeRel|x64
		{D5E2533C-F868-313F-A9A4-83C9F82A8538}.MinSizeRel|x64.Build.0 = MinSizeRel|x64
		{D5E2533C-F868-313F-A9A4-83C9F82A8538}.RelWithDebInfo|x64.ActiveCfg = RelWithDebInfo|x64
		{D5E2533C-F868-313F-A9A4-83C9F82A8538}.RelWithDebInfo|x64.Build.0 = RelWithDebInfo|x64
		{D8F7E68F-44FC-38E4-9FB6-6A007EB77335}.Debug|x64.ActiveCfg = Debug|x64
		{D8F7E68F-44FC-38E4-9FB6-6A007EB77335}.Debug|x64.Build.0 = Debug|x64
		{D8F7E68F-44FC-38E4-9FB6-6A007EB77335}.Release|x64.ActiveCfg = Release|x64
		{D8F7E68F-44FC-38E4-9FB6-6A007EB77335}.Release|x64.Build.0 = Release|x64
		{D8F7E68F-44FC-38E4-9FB6-6A007EB77335}.MinSizeRel|x64.ActiveCfg = MinSizeRel|x64
		{D8F7E68F-44FC-38E4-9FB6-6A007EB77335}.MinSizeRel|x64.Build.0 = MinSizeRel|x64
		{D8F7E68F-44FC-38E4-9FB6-6A007EB77335}.RelWithDebInfo|x64.ActiveCfg = RelWithDebInfo|x64
		{D8F7E68F-44FC-38E4-9FB6-6A007EB77335}.RelWithDebInfo|x64.Build.0 = RelWithDebInfo|x64
		{07AC7279-2EC6-3A0E-9723-A06FA3096B2A}.Debug|x64.ActiveCfg = Debug|x64
		{07AC7279-2EC6-3A0E-9723-A06FA3096B2A}.Debug|x64.Build.0 = Debug|x64
		{07AC7279-2EC6-3A0E-9723-A06FA3096B2A}.Release|x64.ActiveCfg = Release|x64
		{07AC7279-2EC6-3A0E-9723-A06FA3096B2A}.Release|x64.Build.0 = Release|x64
		{07AC7279-2EC6-3A0E-9723-A06FA3096B2A}.MinSizeRel|x64.ActiveCfg = MinSizeRel|x64
		{07AC7279-2EC6-3A0E-9723-A06FA3096B2A}.MinSizeRel|x64.Build.0 = MinSizeRel|x64
		{07AC7279-2EC6-3A0E-9723-A06FA3096B2A}.RelWithDebInfo|x64.ActiveCfg = RelWithDebInfo|x64
		{07AC7279-2EC6-3A0E-9723-A06FA3096B2A}.RelWithDebInfo|x64.Build.0 = RelWithDebInfo|x64
	EndGlobalSection
	GlobalSection(ExtensibilityGlobals) = postSolution
		SolutionGuid = {802C6E55-24CE-34FF-9CCE-7FFB817F6D8C}
	EndGlobalSection
	GlobalSection(ExtensibilityAddIns) = postSolution
	EndGlobalSection
EndGlobal
