<?xml version="1.0" encoding="utf-8"?>
<Project ToolsVersion="17.0" xmlns="http://schemas.microsoft.com/developer/msbuild/2003">
  <ItemGroup>
    <CustomBuild Include="E:\Repositories\Gladiator-Bot-reverse\build-fable\CMakeFiles\e9ba3a2d47a279295b4f816a307f0de8\NightlyMemoryCheck.rule">
      <Filter>CMake Rules</Filter>
    </CustomBuild>
    <CustomBuild Include="E:\Repositories\Gladiator-Bot-reverse\CMakeLists.txt" />
  </ItemGroup>
  <ItemGroup>
    <None Include="E:\Repositories\Gladiator-Bot-reverse\build-fable\CMakeFiles\NightlyMemoryCheck" />
  </ItemGroup>
  <ItemGroup>
    <Filter Include="CMake Rules">
      <UniqueIdentifier>{DDFC6182-3B64-30F7-8B0F-7B2F0F4C7241}</UniqueIdentifier>
    </Filter>
  </ItemGroup>
</Project>
